<?xml version="1.0" encoding="utf-8"?>
<Project ToolsVersion="4.0" xmlns="http://schemas.microsoft.com/developer/msbuild/2003">
  <ItemGroup>
    <Filter Include="Assets">
      <UniqueIdentifier>74a1d332-6b31-47b6-ae3c-06010d1b8538</UniqueIdentifier>
      <Extensions>ico;cur;bmp;dds;dlg;fbx;rct;bin;rgs;gif;jpg;jpeg;jpe;resx;tga;tiff;tif;png;wav;mfcribbon-ms</Extensions>
    </Filter>
    <Filter Include="Scene">
      <UniqueIdentifier>{67ce9d37-963e-41a0-9977-fa6a68e892f6}</UniqueIdentifier>
    </Filter>
    <Filter Include="Shaders">
      <UniqueIdentifier>{0779241f-5176-449f-863c-eba79e0dbba9}</UniqueIdentifier>
    </Filter>
    <Filter Include="Audio">
      <UniqueIdentifier>{09f88c8d-a60a-485b-94e4-0a089df4bc85}</UniqueIdentifier>
    </Filter>
    <Filter Include="imgui">
      <UniqueIdentifier>{fa3e7da7-1782-43db-ab92-9e21a50d9504}</UniqueIdentifier>
    </Filter>
    <Filter Include="Core">
      <UniqueIdentifier>{92e8d192-ff71-4d91-bdc2-c982c5455198}</UniqueIdentifier>
    </Filter>
    <Filter Include="Collision">
      <UniqueIdentifier>{aeb4da6f-a85e-4b15-8321-f46cb773bf3b}</UniqueIdentifier>
    </Filter>
    <Filter Include="Projectile">
      <UniqueIdentifier>{129e30d2-ebe7-425e-a250-6a3138cb1d7c}</UniqueIdentifier>
    </Filter>
    <Filter Include="Stage">
      <UniqueIdentifier>{3d7e9a36-be83-4fd6-a77f-2b97d9093ea8}</UniqueIdentifier>
    </Filter>
    <Filter Include="Entity">
      <UniqueIdentifier>{d3bb2789-2f34-4548-afee-7481660d52ce}</UniqueIdentifier>
    </Filter>
  </ItemGroup>
  <ItemGroup>
    <ClInclude Include="Source\Camera.h" />
    <ClInclude Include="Source\InputManager.h" />
    <ClInclude Include="Source\ColorMaskEffect.h" />
    <ClInclude Include="Source\GameUI.h" />
    <ClInclude Include="Source\MeshPart.h" />
    <ClInclude Include="Source\MenuBackground.h" />
    <ClInclude Include="Source\DeathBeamPool.h" />
    <ClInclude Include="Source\GameScene.h">
      <Filter>Scene</Filter>
    </ClInclude>
    <ClInclude Include="Source\SceneManager.h">
      <Filter>Scene</Filter>
    </ClInclude>
    <ClInclude Include="Source\Scene.h">
      <Filter>Scene</Filter>
    </ClInclude>
    <ClInclude Include="Source\VictoryScene.h">
      <Filter>Scene</Filter>
    </ClInclude>
    <ClInclude Include="Source\MainMenuScene.h">
      <Filter>Scene</Filter>
    </ClInclude>
    <ClInclude Include="Source\GameOverScene.h">
      <Filter>Scene</Filter>
    </ClInclude>
    <ClInclude Include="Source\AudioManager.h">
      <Filter>Audio</Filter>
    </ClInclude>
    <ClInclude Include="Source\MusicManager.h">
      <Filter>Audio</Filter>
    </ClInclude>
    <ClInclude Include="Source\IntroScene.h">
      <Filter>Scene</Filter>
    </ClInclude>
    <ClInclude Include="ImGui\imconfig.h">
      <Filter>imgui</Filter>
    </ClInclude>
    <ClInclude Include="ImGui\imgui.h">
      <Filter>imgui</Filter>
    </ClInclude>
    <ClInclude Include="ImGui\imgui_impl_dx11.h">
      <Filter>imgui</Filter>
    </ClInclude>
    <ClInclude Include="ImGui\imgui_impl_win32.h">
      <Filter>imgui</Filter>
    </ClInclude>
    <ClInclude Include="ImGui\imgui_internal.h">
      <Filter>imgui</Filter>
    </ClInclude>
    <ClInclude Include="ImGui\imstb_rectpack.h">
      <Filter>imgui</Filter>
    </ClInclude>
    <ClInclude Include="ImGui\imstb_textedit.h">
      <Filter>imgui</Filter>
    </ClInclude>
    <ClInclude Include="ImGui\imstb_truetype.h">
      <Filter>imgui</Filter>
    </ClInclude>
    <ClInclude Include="Core\Game.h">
      <Filter>Core</Filter>
    </ClInclude>
    <ClInclude Include="Core\StepTimer.h">
      <Filter>Core</Filter>
    </ClInclude>
    <ClInclude Include="Core\Renderer.h">
      <Filter>Core</Filter>
    </ClInclude>
    <ClInclude Include="Core\pch.h">
      <Filter>Core</Filter>
    </ClInclude>
    <ClInclude Include="Core\DeviceResources.h">
      <Filter>Core</Filter>
    </ClInclude>
    <ClInclude Include="Source\CollisionSystem.h">
      <Filter>Collision</Filter>
    </ClInclude>
    <ClInclude Include="Source\CollisionManager.h">
      <Filter>Collision</Filter>
    </ClInclude>
    <ClInclude Include="Source\Projectile.h">
      <Filter>Projectile</Filter>
    </ClInclude>
    <ClInclude Include="Source\ProjectilePool.h">
      <Filter>Projectile</Filter>
    </ClInclude>
    <ClInclude Include="Source\Bullet.h">
      <Filter>Projectile</Filter>
    </ClInclude>
    <ClInclude Include="Source\Terrain.h">
      <Filter>Stage</Filter>
    </ClInclude>
    <ClInclude Include="Source\GridFloor.h">
      <Filter>Stage</Filter>
    </ClInclude>
    <ClInclude Include="Source\Core.h">
      <Filter>Entity</Filter>
    </ClInclude>
    <ClInclude Include="Source\EnemyTroops.h">
      <Filter>Entity</Filter>
    </ClInclude>
    <ClInclude Include="Source\Transform.h" />
    <ClInclude Include="Source\DebugUI.h" />
    <ClInclude Include="Source\BeamWeapon.h" />
    <ClInclude Include="Source\AnimatedBillboard.h" />
    <ClInclude Include="Source\EnemySpawn.h" />
    <ClInclude Include="Source\Player.h" />
    <ClInclude Include="Source\PlayerController.h" />
    <ClInclude Include="Source\EnemyBoss.h" />
    <ClInclude Include="Source\RoomData.h" />
    <ClInclude Include="Source\EditorScene.h" />
    <ClInclude Include="ThirdParty\FastNoiseLite.h" />
  </ItemGroup>
  <ItemGroup>
    <ClCompile Include="Source\Camera.cpp" />
    <ClCompile Include="Source\InputManager.cpp" />
    <ClCompile Include="Source\ColorMaskEffect.cpp" />
    <ClCompile Include="Source\GameUI.cpp" />
    <ClCompile Include="Source\MeshPart.cpp" />
    <ClCompile Include="Source\MenuBackground.cpp" />
    <ClCompile Include="Source\DeathBeamPool.cpp" />
    <ClCompile Include="Source\GameScene.cpp">
      <Filter>Scene</Filter>
    </ClCompile>
    <ClCompile Include="Source\SceneManager.cpp">
      <Filter>Scene</Filter>
    </ClCompile>
    <ClCompile Include="Source\VictoryScene.cpp">
      <Filter>Scene</Filter>
    </ClCompile>
    <ClCompile Include="Source\MainMenuScene.cpp">
      <Filter>Scene</Filter>
    </ClCompile>
    <ClCompile Include="Source\GameOverScene.cpp">
      <Filter>Scene</Filter>
    </ClCompile>
    <ClCompile Include="Source\AudioManager.cpp">
      <Filter>Audio</Filter>
    </ClCompile>
    <ClCompile Include="Source\MusicManager.cpp">
      <Filter>Audio</Filter>
    </ClCompile>
    <ClCompile Include="Source\IntroScene.cpp">
      <Filter>Scene</Filter>
    </ClCompile>
    <ClCompile Include="ImGui\imgui.cpp">
      <Filter>imgui</Filter>
    </ClCompile>
    <ClCompile Include="ImGui\imgui_demo.cpp">
      <Filter>imgui</Filter>
    </ClCompile>
    <ClCompile Include="ImGui\imgui_draw.cpp">
      <Filter>imgui</Filter>
    </ClCompile>
    <ClCompile Include="ImGui\imgui_impl_dx11.cpp">
      <Filter>imgui</Filter>
    </ClCompile>
    <ClCompile Include="ImGui\imgui_impl_win32.cpp">
      <Filter>imgui</Filter>
    </ClCompile>
    <ClCompile Include="ImGui\imgui_tables.cpp">
      <Filter>imgui</Filter>
    </ClCompile>
    <ClCompile Include="ImGui\imgui_widgets.cpp">
      <Filter>imgui</Filter>
    </ClCompile>
    <ClCompile Include="Core\Game.cpp">
      <Filter>Core</Filter>
    </ClCompile>
    <ClCompile Include="Core\Renderer.cpp">
      <Filter>Core</Filter>
    </ClCompile>
    <ClCompile Include="Core\pch.cpp">
      <Filter>Core</Filter>
    </ClCompile>
    <ClCompile Include="Core\DeviceResources.cpp">
      <Filter>Core</Filter>
    </ClCompile>
    <ClCompile Include="Source\CollisionSystem.cpp">
      <Filter>Collision</Filter>
    </ClCompile>
    <ClCompile Include="Source\CollisionManager.cpp">
      <Filter>Collision</Filter>
    </ClCompile>
    <ClCompile Include="Source\Projectile.cpp">
      <Filter>Projectile</Filter>
    </ClCompile>
    <ClCompile Include="Source\ProjectilePool.cpp">
      <Filter>Projectile</Filter>
    </ClCompile>
    <ClCompile Include="Source\Bullet.cpp">
      <Filter>Projectile</Filter>
    </ClCompile>
    <ClCompile Include="Source\Terrain.cpp">
      <Filter>Stage</Filter>
    </ClCompile>
    <ClCompile Include="Source\GridFloor.cpp">
      <Filter>Stage</Filter>
    </ClCompile>
    <ClCompile Include="Source\Core.cpp">
      <Filter>Entity</Filter>
    </ClCompile>
    <ClCompile Include="Source\EnemyTroops.cpp">
      <Filter>Entity</Filter>
    </ClCompile>
    <ClCompile Include="Core\Main.cpp">
      <Filter>Core</Filter>
    </ClCompile>
    <ClCompile Include="Source\DebugUI.cpp" />
    <ClCompile Include="Source\BeamWeapon.cpp" />
    <ClCompile Include="Source\AnimatedBillboard.cpp" />
    <ClCompile Include="Source\EnemySpawn.cpp" />
    <ClCompile Include="Source\Player.cpp" />
    <ClCompile Include="Source\PlayerController.cpp" />
    <ClCompile Include="Source\EnemyBoss.cpp" />
    <ClCompile Include="Source\RoomData.cpp" />
    <ClCompile Include="Source\EditorScene.cpp" />
  </ItemGroup>
  <ItemGroup>
    <ResourceCompile Include="resource.rc" />
  </ItemGroup>
  <ItemGroup>
    <Manifest Include="settings.manifest">
      <Filter>Assets</Filter>
    </Manifest>
  </ItemGroup>
  <ItemGroup>
    <FxCompile Include="Shaders\BeamPS.hlsl">
      <Filter>Shaders</Filter>
    </FxCompile>
    <FxCompile Include="Shaders\BeamVS.hlsl">
      <Filter>Shaders</Filter>
    </FxCompile>
    <FxCompile Include="Shaders\ColorMaskPS.hlsl">
      <Filter>Shaders</Filter>
    </FxCompile>
    <FxCompile Include="Shaders\ColorMaskVS.hlsl">
      <Filter>Shaders</Filter>
    </FxCompile>
    <FxCompile Include="Shaders\FractalPS.hlsl">
      <Filter>Shaders</Filter>
    </FxCompile>
    <FxCompile Include="Shaders\PristineGridPS.hlsl">
      <Filter>Shaders</Filter>
    </FxCompile>
    <FxCompile Include="Shaders\PristineGridVS.hlsl">
      <Filter>Shaders</Filter>
    </FxCompile>
    <FxCompile Include="Shaders\MenuBackgroundVS.hlsl">
      <Filter>Shaders</Filter>
    </FxCompile>
    <FxCompile Include="Shaders\WarpingPS.hlsl">
      <Filter>Shaders</Filter>
    </FxCompile>
    <FxCompile Include="Shaders\WavePS.hlsl">
      <Filter>Shaders</Filter>
    </FxCompile>
    <FxCompile Include="Shaders\BillboardVS.hlsl" />
    <FxCompile Include="Shaders\BillboardPS.hlsl" />
  </ItemGroup>
</Project>